
Microsoft Visual Studio Solution File, Format Version 12.00
# Visual Studio Version 16
VisualStudioVersion = 16.0.29306.81
MinimumVisualStudioVersion = 10.0.40219.1
Project("{8BC9CEB8-8B4A-11D0-8D11-00A0C91BC942}") = "LW2 HELLO3", "LW2 HELLO3\LW2 HELLO3.vcxproj", "{76CAC568-A9A8-47D9-B0C4-F8C3AC0F8508}"
EndProject
Global
	GlobalSection(SolutionConfigurationPlatforms) = preSolution
		Debug|x64 = Debug|x64
		Debug|x86 = Debug|x86
		Release|x64 = Release|x64
		Release|x86 = Release|x86
	EndGlobalSection
	GlobalSection(ProjectConfigurationPlatforms) = postSolution
		{76CAC568-A9A8-47D9-B0C4-F8C3AC0F8508}.Debug|x64.ActiveCfg = Debug|x64
		{76CAC568-A9A8-47D9-B0C4-F8C3AC0F8508}.Debug|x64.Build.0 = Debug|x64
		{76CAC568-A9A8-47D9-B0C4-F8C3AC0F8508}.Debug|x86.ActiveCfg = Debug|Win32
		{76CAC568-A9A8-47D9-B0C4-F8C3AC0F8508}.Debug|x86.Build.0 = Debug|Win32
		{76CAC568-A9A8-47D9-B0C4-F8C3AC0F8508}.Release|x64.ActiveCfg = Release|x64
		{76CAC568-A9A8-47D9-B0C4-F8C3AC0F8508}.Release|x64.Build.0 = Release|x64
		{76CAC568-A9A8-47D9-B0C4-F8C3AC0F8508}.Release|x86.ActiveCfg = Release|Win32
		{76CAC568-A9A8-47D9-B0C4-F8C3AC0F8508}.Release|x86.Build.0 = Release|Win32
	EndGlobalSection
	GlobalSection(SolutionProperties) = preSolution
		HideSolutionNode = FALSE
	EndGlobalSection
	GlobalSection(ExtensibilityGlobals) = postSolution
		SolutionGuid = {2CCF25C7-076D-4C9A-9403-655030326B89}
	EndGlobalSection
EndGlobal
